
Microsoft Visual Studio Solution File, Format Version 12.00
# Visual Studio Version 17
VisualStudioVersion = 17.9.34714.143
MinimumVisualStudioVersion = 10.0.40219.1
Project("{FAE04EC0-301F-11D3-BF4B-00C04F79EFBC}") = "DLVbriControl", "DLVbriControl.csproj", "{FF71CCC5-A0CB-42F9-985D-1514E6FA2C8C}"
EndProject
Global
	GlobalSection(SolutionConfigurationPlatforms) = preSolution
		Debug|Any CPU = Debug|Any CPU
		Release|Any CPU = Release|Any CPU
	EndGlobalSection
	GlobalSection(ProjectConfigurationPlatforms) = postSolution
		{FF71CCC5-A0CB-42F9-985D-1514E6FA2C8C}.Debug|Any CPU.ActiveCfg = Debug|Any CPU
		{FF71CCC5-A0CB-42F9-985D-1514E6FA2C8C}.Debug|Any CPU.Build.0 = Debug|Any CPU
		{FF71CCC5-A0CB-42F9-985D-1514E6FA2C8C}.Release|Any CPU.ActiveCfg = Release|Any CPU
		{FF71CCC5-A0CB-42F9-985D-1514E6FA2C8C}.Release|Any CPU.Build.0 = Release|Any CPU
	EndGlobalSection
	GlobalSection(SolutionProperties) = preSolution
		HideSolutionNode = FALSE
	EndGlobalSection
	GlobalSection(ExtensibilityGlobals) = postSolution
		SolutionGuid = {E187C262-E66D-49A9-8D65-F2B16B0159FB}
	EndGlobalSection
EndGlobal
